
Microsoft Visual Studio Solution File, Format Version 12.00
# Visual Studio Version 17
VisualStudioVersion = 17.0.31903.59
MinimumVisualStudioVersion = 10.0.40219.1
Project("{2150E333-8FDC-42A3-9474-1A3956D46DE8}") = "src", "src", "{9D682E0B-117C-4FA0-8354-9E21604715BC}"
EndProject
Project("{FAE04EC0-301F-11D3-BF4B-00C04F79EFBC}") = "Core", "src\Core\Core.csproj", "{325E3FAD-9CD5-4432-908A-7447A8D58C4A}"
EndProject
Project("{FAE04EC0-301F-11D3-BF4B-00C04F79EFBC}") = "Infrastructure", "src\Infrastructure\Infrastructure.csproj", "{83C3E969-5C8B-4404-A434-E615CA36A1A2}"
EndProject
Project("{FAE04EC0-301F-11D3-BF4B-00C04F79EFBC}") = "Web", "src\Web\Web.csproj", "{87CEBF56-E416-4D38-8E36-D9B6A146E8A8}"
EndProject
Project("{2150E333-8FDC-42A3-9474-1A3956D46DE8}") = "tests", "tests", "{88CFD5BE-6874-443D-B2B7-5453BC8D2814}"
EndProject
Project("{FAE04EC0-301F-11D3-BF4B-00C04F79EFBC}") = "TaskManager_CleanArch_BasicWorkflow_Tests", "tests\TaskManager_CleanArch_BasicWorkflow_Tests\TaskManager_CleanArch_BasicWorkflow_Tests.csproj", "{FAB38EFD-B7EB-48DE-A1AC-9FF9B0B7F326}"
EndProject
Global
	GlobalSection(SolutionConfigurationPlatforms) = preSolution
		Debug|Any CPU = Debug|Any CPU
		Release|Any CPU = Release|Any CPU
	EndGlobalSection
	GlobalSection(SolutionProperties) = preSolution
		HideSolutionNode = FALSE
	EndGlobalSection
	GlobalSection(ProjectConfigurationPlatforms) = postSolution
		{325E3FAD-9CD5-4432-908A-7447A8D58C4A}.Debug|Any CPU.ActiveCfg = Debug|Any CPU
		{325E3FAD-9CD5-4432-908A-7447A8D58C4A}.Debug|Any CPU.Build.0 = Debug|Any CPU
		{325E3FAD-9CD5-4432-908A-7447A8D58C4A}.Release|Any CPU.ActiveCfg = Release|Any CPU
		{325E3FAD-9CD5-4432-908A-7447A8D58C4A}.Release|Any CPU.Build.0 = Release|Any CPU
		{83C3E969-5C8B-4404-A434-E615CA36A1A2}.Debug|Any CPU.ActiveCfg = Debug|Any CPU
		{83C3E969-5C8B-4404-A434-E615CA36A1A2}.Debug|Any CPU.Build.0 = Debug|Any CPU
		{83C3E969-5C8B-4404-A434-E615CA36A1A2}.Release|Any CPU.ActiveCfg = Release|Any CPU
		{83C3E969-5C8B-4404-A434-E615CA36A1A2}.Release|Any CPU.Build.0 = Release|Any CPU
		{87CEBF56-E416-4D38-8E36-D9B6A146E8A8}.Debug|Any CPU.ActiveCfg = Debug|Any CPU
		{87CEBF56-E416-4D38-8E36-D9B6A146E8A8}.Debug|Any CPU.Build.0 = Debug|Any CPU
		{87CEBF56-E416-4D38-8E36-D9B6A146E8A8}.Release|Any CPU.ActiveCfg = Release|Any CPU
		{87CEBF56-E416-4D38-8E36-D9B6A146E8A8}.Release|Any CPU.Build.0 = Release|Any CPU
		{FAB38EFD-B7EB-48DE-A1AC-9FF9B0B7F326}.Debug|Any CPU.ActiveCfg = Debug|Any CPU
		{FAB38EFD-B7EB-48DE-A1AC-9FF9B0B7F326}.Debug|Any CPU.Build.0 = Debug|Any CPU
		{FAB38EFD-B7EB-48DE-A1AC-9FF9B0B7F326}.Release|Any CPU.ActiveCfg = Release|Any CPU
		{FAB38EFD-B7EB-48DE-A1AC-9FF9B0B7F326}.Release|Any CPU.Build.0 = Release|Any CPU
	EndGlobalSection
	GlobalSection(NestedProjects) = preSolution
		{325E3FAD-9CD5-4432-908A-7447A8D58C4A} = {9D682E0B-117C-4FA0-8354-9E21604715BC}
		{83C3E969-5C8B-4404-A434-E615CA36A1A2} = {9D682E0B-117C-4FA0-8354-9E21604715BC}
		{87CEBF56-E416-4D38-8E36-D9B6A146E8A8} = {9D682E0B-117C-4FA0-8354-9E21604715BC}
		{FAB38EFD-B7EB-48DE-A1AC-9FF9B0B7F326} = {88CFD5BE-6874-443D-B2B7-5453BC8D2814}
	EndGlobalSection
EndGlobal
